PODS:
  - SkyFloatingLabelTextField (3.8.0)

DEPENDENCIES:
  - SkyFloatingLabelTextField (~> 3.0)

SPEC REPOS:
  trunk:
    - SkyFloatingLabelTextField

SPEC CHECKSUMS:
  SkyFloatingLabelTextField: 5a338412114808e961fe2d14ea2c5452c8b6e4aa

PODFILE CHECKSUM: ee09a8a6d2248bf67bed03e259a17bb50667dfbe

COCOAPODS: 1.9.1
